
Microsoft Visual Studio Solution File, Format Version 12.00
# Visual Studio 15
VisualStudioVersion = 15.0.28307.645
MinimumVisualStudioVersion = 10.0.40219.1
Project("{FAE04EC0-301F-11D3-BF4B-00C04F79EFBC}") = "OMD", "OMD\OMD.csproj", "{93AB56CD-F743-4224-8B23-28A4710154DA}"
EndProject
Global
	GlobalSection(SolutionConfigurationPlatforms) = preSolution
		Debug|Any CPU = Debug|Any CPU
		Release|Any CPU = Release|Any CPU
	EndGlobalSection
	GlobalSection(ProjectConfigurationPlatforms) = postSolution
		{93AB56CD-F743-4224-8B23-28A4710154DA}.Debug|Any CPU.ActiveCfg = Debug|Any CPU
		{93AB56CD-F743-4224-8B23-28A4710154DA}.Debug|Any CPU.Build.0 = Debug|Any CPU
		{93AB56CD-F743-4224-8B23-28A4710154DA}.Release|Any CPU.ActiveCfg = Release|Any CPU
		{93AB56CD-F743-4224-8B23-28A4710154DA}.Release|Any CPU.Build.0 = Release|Any CPU
	EndGlobalSection
	GlobalSection(SolutionProperties) = preSolution
		HideSolutionNode = FALSE
	EndGlobalSection
	GlobalSection(ExtensibilityGlobals) = postSolution
		SolutionGuid = {8B881DAA-AB7D-4626-98B0-A7CC6455823A}
	EndGlobalSection
EndGlobal
